
Microsoft Visual Studio Solution File, Format Version 12.00
# Visual Studio Version 16
VisualStudioVersion = 16.0.30621.155
MinimumVisualStudioVersion = 10.0.40219.1
Project("{FAE04EC0-301F-11D3-BF4B-00C04F79EFBC}") = "TextualSmellDetector", "TextualSmellDetector\TextualSmellDetector.csproj", "{95B49294-7840-47CB-9A90-88F7A1C0A3F2}"
EndProject
Global
	GlobalSection(SolutionConfigurationPlatforms) = preSolution
		Debug|Any CPU = Debug|Any CPU
		Release|Any CPU = Release|Any CPU
	EndGlobalSection
	GlobalSection(ProjectConfigurationPlatforms) = postSolution
		{95B49294-7840-47CB-9A90-88F7A1C0A3F2}.Debug|Any CPU.ActiveCfg = Debug|Any CPU
		{95B49294-7840-47CB-9A90-88F7A1C0A3F2}.Debug|Any CPU.Build.0 = Debug|Any CPU
		{95B49294-7840-47CB-9A90-88F7A1C0A3F2}.Release|Any CPU.ActiveCfg = Release|Any CPU
		{95B49294-7840-47CB-9A90-88F7A1C0A3F2}.Release|Any CPU.Build.0 = Release|Any CPU
	EndGlobalSection
	GlobalSection(SolutionProperties) = preSolution
		HideSolutionNode = FALSE
	EndGlobalSection
	GlobalSection(ExtensibilityGlobals) = postSolution
		SolutionGuid = {633B83CF-CCDF-4BD0-8903-5C30C5DC90B2}
	EndGlobalSection
EndGlobal
